PODS:
  - Alamofire (3.3.0)
  - Crashlytics (3.7.0):
    - Fabric (~> 1.6.3)
  - Digits (2.0.2):
    - TwitterCore (= 2.0.2)
  - Fabric (1.6.7)
  - Moya (6.3.1):
    - Moya/Core (= 6.3.1)
  - Moya-ObjectMapper/Core (1.2):
    - Moya (~> 6.3)
    - ObjectMapper (~> 1.2)
  - Moya-ObjectMapper/RxSwift (1.2):
    - Moya-ObjectMapper/Core
    - Moya/RxSwift (~> 6.3)
    - RxSwift (~> 2.2)
  - Moya/Core (6.3.1):
    - Alamofire (~> 3.0)
    - Result (~> 1.0)
  - Moya/RxSwift (6.3.1):
    - Moya/Core
    - RxSwift (~> 2.0)
  - ObjectMapper (1.2.0)
  - Result (1.0.2)
  - RxCocoa (2.3.1):
    - RxSwift (~> 2.3.1)
  - RxSwift (2.3.1)
  - Spring (1.0.3)
  - TextFieldEffects (1.2.0)
  - TwitterCore (2.0.2):
    - Fabric
  - TwitterKit (2.0.2):
    - TwitterCore (= 2.0.2)

DEPENDENCIES:
  - Crashlytics
  - Digits
  - Fabric
  - Moya-ObjectMapper/RxSwift (~> 1.1)
  - RxCocoa (~> 2.0)
  - RxSwift (~> 2.0)
  - Spring (from `https://github.com/MengTo/Spring.git`, branch `swift2`)
  - TextFieldEffects
  - TwitterCore
  - TwitterKit

EXTERNAL SOURCES:
  Spring:
    :branch: swift2
    :git: https://github.com/MengTo/Spring.git

CHECKOUT OPTIONS:
  Spring:
    :commit: 18d5c7b74489de8044e34767f856d1e574f0820e
    :git: https://github.com/MengTo/Spring.git

SPEC CHECKSUMS:
  Alamofire: 9054db4a1b1ca9e363223183e01cea380159a27c
  Crashlytics: c3a2333dea9e2733d2777f730910321fc9e25c0d
  Digits: a5c8ddfed18d5e0496e9b6f459f0bca44de588db
  Fabric: caf7580c725e64db144f610ac65cd60956911dc7
  Moya: 852e26948a3771355ddf0f0109ac779b6fc30f28
  Moya-ObjectMapper: 565c1e9e1e79bdf72e18fa8fa01a0741d042fa34
  ObjectMapper: b1e9c7c8a9f6400b72690c80072c131504caa66f
  Result: dd3dd71af3fa2e262f1a999e14fba2c25ec14f16
  RxCocoa: a2baaf3462b989559a51dce59d78fbebb8fe0afa
  RxSwift: 829b2843e9eddc77a02cb3f5117f0d55f8f646f1
  Spring: 3f02b5dc3308572ef177b3cad0fa7bbc4b0706f7
  TextFieldEffects: bc4fd3bd557321bd61a0762f3f50965477a36f62
  TwitterCore: 0f44d8980a6879d5205dcb4e010d15e643e56fa0
  TwitterKit: c4e40f289a3d7cc9fab9f241edd7502385468b65

PODFILE CHECKSUM: 57c5152922755b89cd4175b0c381dc3b42c9a779

COCOAPODS: 1.0.0.beta.6
